
Microsoft Visual Studio Solution File, Format Version 12.00
# Visual Studio Version 16
VisualStudioVersion = 16.0.31205.134
MinimumVisualStudioVersion = 10.0.40219.1
Project("{FAE04EC0-301F-11D3-BF4B-00C04F79EFBC}") = "RestaurantRater", "RestaurantRater\RestaurantRater.csproj", "{B3E87AA1-F467-4DF6-ABE9-E31775E6C51B}"
EndProject
Global
	GlobalSection(SolutionConfigurationPlatforms) = preSolution
		Debug|Any CPU = Debug|Any CPU
		Release|Any CPU = Release|Any CPU
	EndGlobalSection
	GlobalSection(ProjectConfigurationPlatforms) = postSolution
		{B3E87AA1-F467-4DF6-ABE9-E31775E6C51B}.Debug|Any CPU.ActiveCfg = Debug|Any CPU
		{B3E87AA1-F467-4DF6-ABE9-E31775E6C51B}.Debug|Any CPU.Build.0 = Debug|Any CPU
		{B3E87AA1-F467-4DF6-ABE9-E31775E6C51B}.Release|Any CPU.ActiveCfg = Release|Any CPU
		{B3E87AA1-F467-4DF6-ABE9-E31775E6C51B}.Release|Any CPU.Build.0 = Release|Any CPU
	EndGlobalSection
	GlobalSection(SolutionProperties) = preSolution
		HideSolutionNode = FALSE
	EndGlobalSection
	GlobalSection(ExtensibilityGlobals) = postSolution
		SolutionGuid = {B64FBF2F-83F1-4E5C-8824-78B96A54854D}
	EndGlobalSection
EndGlobal
